
Microsoft Visual Studio Solution File, Format Version 12.00
# Visual Studio 15
VisualStudioVersion = 15.0.28307.421
MinimumVisualStudioVersion = 10.0.40219.1
Project("{888888A0-9F3D-457C-B088-3A5042F75D52}") = "MadLib", "MadLib.pyproj", "{41CA8574-F575-424C-B70C-20B19EC799ED}"
EndProject
Global
	GlobalSection(SolutionConfigurationPlatforms) = preSolution
		Debug|Any CPU = Debug|Any CPU
		Release|Any CPU = Release|Any CPU
	EndGlobalSection
	GlobalSection(ProjectConfigurationPlatforms) = postSolution
		{41CA8574-F575-424C-B70C-20B19EC799ED}.Debug|Any CPU.ActiveCfg = Debug|Any CPU
		{41CA8574-F575-424C-B70C-20B19EC799ED}.Release|Any CPU.ActiveCfg = Release|Any CPU
	EndGlobalSection
	GlobalSection(SolutionProperties) = preSolution
		HideSolutionNode = FALSE
	EndGlobalSection
	GlobalSection(ExtensibilityGlobals) = postSolution
		SolutionGuid = {A183C852-716E-4DDF-9850-62994C3EF5FC}
	EndGlobalSection
EndGlobal
